
Microsoft Visual Studio Solution File, Format Version 12.00
# Visual Studio Version 16
VisualStudioVersion = 16.0.30804.86
MinimumVisualStudioVersion = 10.0.40219.1
Project("{FAE04EC0-301F-11D3-BF4B-00C04F79EFBC}") = "CourseDesignPattern", "CourseDesignPattern\CourseDesignPattern.csproj", "{A2596960-9EB1-454D-9668-70C75548A8EF}"
EndProject
Global
	GlobalSection(SolutionConfigurationPlatforms) = preSolution
		Debug|Any CPU = Debug|Any CPU
		Release|Any CPU = Release|Any CPU
	EndGlobalSection
	GlobalSection(ProjectConfigurationPlatforms) = postSolution
		{A2596960-9EB1-454D-9668-70C75548A8EF}.Debug|Any CPU.ActiveCfg = Debug|Any CPU
		{A2596960-9EB1-454D-9668-70C75548A8EF}.Debug|Any CPU.Build.0 = Debug|Any CPU
		{A2596960-9EB1-454D-9668-70C75548A8EF}.Release|Any CPU.ActiveCfg = Release|Any CPU
		{A2596960-9EB1-454D-9668-70C75548A8EF}.Release|Any CPU.Build.0 = Release|Any CPU
	EndGlobalSection
	GlobalSection(SolutionProperties) = preSolution
		HideSolutionNode = FALSE
	EndGlobalSection
	GlobalSection(ExtensibilityGlobals) = postSolution
		SolutionGuid = {86EB261F-F959-4819-9E1A-985A0464FBFB}
	EndGlobalSection
EndGlobal
